
Microsoft Visual Studio Solution File, Format Version 12.00
# Visual Studio Version 17
VisualStudioVersion = 17.0.31919.166
MinimumVisualStudioVersion = 10.0.40219.1
Project("{FAE04EC0-301F-11D3-BF4B-00C04F79EFBC}") = "PL", "PL\PL.csproj", "{93AA6519-F48F-4864-8D0D-EE9A6499CE8B}"
EndProject
Project("{FAE04EC0-301F-11D3-BF4B-00C04F79EFBC}") = "DAL", "DAL\DAL.csproj", "{5BD513FB-B864-44E2-86D2-C077CE79D11E}"
EndProject
Project("{FAE04EC0-301F-11D3-BF4B-00C04F79EFBC}") = "BLL", "BLL\BLL.csproj", "{6BDDFDAA-50E7-4465-A292-308ED229E3D5}"
EndProject
Global
	GlobalSection(SolutionConfigurationPlatforms) = preSolution
		Debug|Any CPU = Debug|Any CPU
		Release|Any CPU = Release|Any CPU
	EndGlobalSection
	GlobalSection(ProjectConfigurationPlatforms) = postSolution
		{93AA6519-F48F-4864-8D0D-EE9A6499CE8B}.Debug|Any CPU.ActiveCfg = Debug|Any CPU
		{93AA6519-F48F-4864-8D0D-EE9A6499CE8B}.Debug|Any CPU.Build.0 = Debug|Any CPU
		{93AA6519-F48F-4864-8D0D-EE9A6499CE8B}.Release|Any CPU.ActiveCfg = Release|Any CPU
		{93AA6519-F48F-4864-8D0D-EE9A6499CE8B}.Release|Any CPU.Build.0 = Release|Any CPU
		{5BD513FB-B864-44E2-86D2-C077CE79D11E}.Debug|Any CPU.ActiveCfg = Debug|Any CPU
		{5BD513FB-B864-44E2-86D2-C077CE79D11E}.Debug|Any CPU.Build.0 = Debug|Any CPU
		{5BD513FB-B864-44E2-86D2-C077CE79D11E}.Release|Any CPU.ActiveCfg = Release|Any CPU
		{5BD513FB-B864-44E2-86D2-C077CE79D11E}.Release|Any CPU.Build.0 = Release|Any CPU
		{6BDDFDAA-50E7-4465-A292-308ED229E3D5}.Debug|Any CPU.ActiveCfg = Debug|Any CPU
		{6BDDFDAA-50E7-4465-A292-308ED229E3D5}.Debug|Any CPU.Build.0 = Debug|Any CPU
		{6BDDFDAA-50E7-4465-A292-308ED229E3D5}.Release|Any CPU.ActiveCfg = Release|Any CPU
		{6BDDFDAA-50E7-4465-A292-308ED229E3D5}.Release|Any CPU.Build.0 = Release|Any CPU
	EndGlobalSection
	GlobalSection(SolutionProperties) = preSolution
		HideSolutionNode = FALSE
	EndGlobalSection
	GlobalSection(ExtensibilityGlobals) = postSolution
		SolutionGuid = {70E24A6E-E93B-44DB-B832-2EAB1857D400}
	EndGlobalSection
EndGlobal
